<?xml version="1.0" encoding="utf-8"?>
<Project ToolsVersion="4.0" xmlns="http://schemas.microsoft.com/developer/msbuild/2003">
  <ItemGroup>
    <FxCompile Include="..\Shader\CollisionMap.hlsl" />
    <FxCompile Include="..\Shader\Defalutshader.hlsl" />
    <FxCompile Include="..\Shader\LineDebug.hlsl" />
  </ItemGroup>
  <ItemGroup>
    <ClCompile Include="ClientMain.cpp" />
    <ClCompile Include="ClientNet.cpp" />
    <ClCompile Include="Main.cpp" />
    <ClCompile Include="MakePacket.cpp" />
    <ClCompile Include="Packet.cpp" />
    <ClCompile Include="PacketProc.cpp" />
    <ClCompile Include="PlayerObject.cpp" />
    <ClCompile Include="StreamPacket.cpp" />
    <ClCompile Include="Camera.cpp">
      <Filter>Core</Filter>
    </ClCompile>
    <ClCompile Include="Collider.cpp">
      <Filter>Core</Filter>
    </ClCompile>
    <ClCompile Include="Collision.cpp">
      <Filter>Core</Filter>
    </ClCompile>
    <ClCompile Include="Core.cpp">
      <Filter>Core</Filter>
    </ClCompile>
    <ClCompile Include="Device.cpp">
      <Filter>Core</Filter>
    </ClCompile>
    <ClCompile Include="DxRenderer.cpp">
      <Filter>Core</Filter>
    </ClCompile>
    <ClCompile Include="Input.cpp">
      <Filter>Core</Filter>
    </ClCompile>
    <ClCompile Include="MyWindow.cpp">
      <Filter>Core</Filter>
    </ClCompile>
    <ClCompile Include="Object.cpp">
      <Filter>Core</Filter>
    </ClCompile>
    <ClCompile Include="pch.cpp">
      <Filter>Core</Filter>
    </ClCompile>
    <ClCompile Include="Shader.cpp">
      <Filter>Core</Filter>
    </ClCompile>
    <ClCompile Include="Singleton.cpp">
      <Filter>Core</Filter>
    </ClCompile>
    <ClCompile Include="SpriteObject.cpp">
      <Filter>Core</Filter>
    </ClCompile>
    <ClCompile Include="Texture.cpp">
      <Filter>Core</Filter>
    </ClCompile>
    <ClCompile Include="Timer.cpp">
      <Filter>Core</Filter>
    </ClCompile>
    <ClCompile Include="TMath.cpp">
      <Filter>Core</Filter>
    </ClCompile>
    <ClCompile Include="imgui.cpp">
      <Filter>imgui</Filter>
    </ClCompile>
    <ClCompile Include="imgui_demo.cpp">
      <Filter>imgui</Filter>
    </ClCompile>
    <ClCompile Include="imgui_draw.cpp">
      <Filter>imgui</Filter>
    </ClCompile>
    <ClCompile Include="imgui_impl_dx11.cpp">
      <Filter>imgui</Filter>
    </ClCompile>
    <ClCompile Include="imgui_impl_win32.cpp">
      <Filter>imgui</Filter>
    </ClCompile>
    <ClCompile Include="imgui_tables.cpp">
      <Filter>imgui</Filter>
    </ClCompile>
    <ClCompile Include="imgui_widgets.cpp">
      <Filter>imgui</Filter>
    </ClCompile>
    <ClCompile Include="ImGuiFileDialog.cpp">
      <Filter>imgui</Filter>
    </ClCompile>
    <ClCompile Include="ImGuiManager.cpp">
      <Filter>imgui</Filter>
    </ClCompile>
    <ClCompile Include="ImGuizmo.cpp">
      <Filter>imgui</Filter>
    </ClCompile>
    <ClCompile Include="Map.cpp" />
    <ClCompile Include="Scene.cpp" />
    <ClCompile Include="SaveLoader.cpp" />
    <ClCompile Include="PotalObject.cpp" />
  </ItemGroup>
  <ItemGroup>
    <ClInclude Include="ClientMain.h" />
    <ClInclude Include="ClientNet.h" />
    <ClInclude Include="MakePacket.h" />
    <ClInclude Include="Packet.h" />
    <ClInclude Include="PacketProc.h" />
    <ClInclude Include="PlayerObject.h" />
    <ClInclude Include="Protocol.h" />
    <ClInclude Include="StreamPacket.h" />
    <ClInclude Include="Camera.h">
      <Filter>Core</Filter>
    </ClInclude>
    <ClInclude Include="Collider.h">
      <Filter>Core</Filter>
    </ClInclude>
    <ClInclude Include="Collision.h">
      <Filter>Core</Filter>
    </ClInclude>
    <ClInclude Include="Core.h">
      <Filter>Core</Filter>
    </ClInclude>
    <ClInclude Include="Device.h">
      <Filter>Core</Filter>
    </ClInclude>
    <ClInclude Include="DxRenderer.h">
      <Filter>Core</Filter>
    </ClInclude>
    <ClInclude Include="Input.h">
      <Filter>Core</Filter>
    </ClInclude>
    <ClInclude Include="MyWindow.h">
      <Filter>Core</Filter>
    </ClInclude>
    <ClInclude Include="Object.h">
      <Filter>Core</Filter>
    </ClInclude>
    <ClInclude Include="pch.h">
      <Filter>Core</Filter>
    </ClInclude>
    <ClInclude Include="Shader.h">
      <Filter>Core</Filter>
    </ClInclude>
    <ClInclude Include="Singleton.h">
      <Filter>Core</Filter>
    </ClInclude>
    <ClInclude Include="SpriteObject.h">
      <Filter>Core</Filter>
    </ClInclude>
    <ClInclude Include="Texture.h">
      <Filter>Core</Filter>
    </ClInclude>
    <ClInclude Include="Timer.h">
      <Filter>Core</Filter>
    </ClInclude>
    <ClInclude Include="TMath.h">
      <Filter>Core</Filter>
    </ClInclude>
    <ClInclude Include="stb_image.h">
      <Filter>imgui</Filter>
    </ClInclude>
    <ClInclude Include="stb_image_resize.h">
      <Filter>imgui</Filter>
    </ClInclude>
    <ClInclude Include="imconfig.h">
      <Filter>imgui</Filter>
    </ClInclude>
    <ClInclude Include="imgui.h">
      <Filter>imgui</Filter>
    </ClInclude>
    <ClInclude Include="imgui_impl_dx11.h">
      <Filter>imgui</Filter>
    </ClInclude>
    <ClInclude Include="imgui_impl_win32.h">
      <Filter>imgui</Filter>
    </ClInclude>
    <ClInclude Include="imgui_internal.h">
      <Filter>imgui</Filter>
    </ClInclude>
    <ClInclude Include="ImGuiFileDialog.h">
      <Filter>imgui</Filter>
    </ClInclude>
    <ClInclude Include="ImGuiFileDialogConfig.h">
      <Filter>imgui</Filter>
    </ClInclude>
    <ClInclude Include="ImGuiManager.h">
      <Filter>imgui</Filter>
    </ClInclude>
    <ClInclude Include="ImGuizmo.h">
      <Filter>imgui</Filter>
    </ClInclude>
    <ClInclude Include="imstb_rectpack.h">
      <Filter>imgui</Filter>
    </ClInclude>
    <ClInclude Include="imstb_textedit.h">
      <Filter>imgui</Filter>
    </ClInclude>
    <ClInclude Include="imstb_truetype.h">
      <Filter>imgui</Filter>
    </ClInclude>
    <ClInclude Include="dirent.h">
      <Filter>imgui</Filter>
    </ClInclude>
    <ClInclude Include="Map.h" />
    <ClInclude Include="Scene.h" />
    <ClInclude Include="SaveLoader.h" />
    <ClInclude Include="PotalObject.h" />
  </ItemGroup>
  <ItemGroup>
    <Filter Include="Core">
      <UniqueIdentifier>{c8dd3a83-a7a7-4c07-8193-2f45f0ae2246}</UniqueIdentifier>
    </Filter>
    <Filter Include="imgui">
      <UniqueIdentifier>{13ce02ec-aa0d-4a0e-bde6-a842f1a76438}</UniqueIdentifier>
    </Filter>
  </ItemGroup>
</Project>